
Microsoft Visual Studio Solution File, Format Version 12.00
Project("{2150E333-8FDC-42A3-9474-1A3956D46DE8}") = "src", "src", "{A76CE457-901D-49A5-8627-6443E5FA50E1}"
EndProject
Project("{2150E333-8FDC-42A3-9474-1A3956D46DE8}") = "tests", "tests", "{29EA3502-F03E-4F59-A225-210D8123C065}"
EndProject
Project("{2150E333-8FDC-42A3-9474-1A3956D46DE8}") = "build", "build", "{AFBFCABD-D399-49A1-90B0-22692972E19F}"
	ProjectSection(SolutionItems) = preProject
		Directory.Build.props = Directory.Build.props
		Directory.Packages.props = Directory.Packages.props
		.editorconfig = .editorconfig
	EndProjectSection
EndProject
Project("{FAE04EC0-301F-11D3-BF4B-00C04F79EFBC}") = "eMechanic.API", "src\eMechanic.API\eMechanic.API.csproj", "{98CA61DF-8DBD-499E-B54C-12BE680E8C83}"
EndProject
Global
	GlobalSection(SolutionConfigurationPlatforms) = preSolution
		Debug|Any CPU = Debug|Any CPU
		Release|Any CPU = Release|Any CPU
	EndGlobalSection
	GlobalSection(NestedProjects) = preSolution
		{98CA61DF-8DBD-499E-B54C-12BE680E8C83} = {A76CE457-901D-49A5-8627-6443E5FA50E1}
	EndGlobalSection
	GlobalSection(ProjectConfigurationPlatforms) = postSolution
		{98CA61DF-8DBD-499E-B54C-12BE680E8C83}.Debug|Any CPU.ActiveCfg = Debug|Any CPU
		{98CA61DF-8DBD-499E-B54C-12BE680E8C83}.Debug|Any CPU.Build.0 = Debug|Any CPU
		{98CA61DF-8DBD-499E-B54C-12BE680E8C83}.Release|Any CPU.ActiveCfg = Release|Any CPU
		{98CA61DF-8DBD-499E-B54C-12BE680E8C83}.Release|Any CPU.Build.0 = Release|Any CPU
	EndGlobalSection
EndGlobal
